
Microsoft Visual Studio Solution File, Format Version 12.00
# Visual Studio Version 16
VisualStudioVersion = 16.0.30804.86
MinimumVisualStudioVersion = 10.0.40219.1
Project("{FAE04EC0-301F-11D3-BF4B-00C04F79EFBC}") = "Fiction", "Fiction\Fiction.csproj", "{098EA034-E6A7-474F-B6C1-F7F5288F277F}"
EndProject
Global
	GlobalSection(SolutionConfigurationPlatforms) = preSolution
		Debug|Any CPU = Debug|Any CPU
		Release|Any CPU = Release|Any CPU
	EndGlobalSection
	GlobalSection(ProjectConfigurationPlatforms) = postSolution
		{098EA034-E6A7-474F-B6C1-F7F5288F277F}.Debug|Any CPU.ActiveCfg = Debug|Any CPU
		{098EA034-E6A7-474F-B6C1-F7F5288F277F}.Debug|Any CPU.Build.0 = Debug|Any CPU
		{098EA034-E6A7-474F-B6C1-F7F5288F277F}.Release|Any CPU.ActiveCfg = Release|Any CPU
		{098EA034-E6A7-474F-B6C1-F7F5288F277F}.Release|Any CPU.Build.0 = Release|Any CPU
	EndGlobalSection
	GlobalSection(SolutionProperties) = preSolution
		HideSolutionNode = FALSE
	EndGlobalSection
	GlobalSection(ExtensibilityGlobals) = postSolution
		SolutionGuid = {BFB3C454-56F5-40E9-A1EC-D4025302DB78}
	EndGlobalSection
EndGlobal
